
Microsoft Visual Studio Solution File, Format Version 12.00
# Visual Studio 15
VisualStudioVersion = 15.0.28307.1800
MinimumVisualStudioVersion = 10.0.40219.1
Project("{FAE04EC0-301F-11D3-BF4B-00C04F79EFBC}") = "CgDocs", "CgDocs\CgDocs.csproj", "{BA749B1C-10FC-4F74-BD92-005434BA0AD1}"
EndProject
Global
	GlobalSection(SolutionConfigurationPlatforms) = preSolution
		Debug|Any CPU = Debug|Any CPU
		Release|Any CPU = Release|Any CPU
	EndGlobalSection
	GlobalSection(ProjectConfigurationPlatforms) = postSolution
		{BA749B1C-10FC-4F74-BD92-005434BA0AD1}.Debug|Any CPU.ActiveCfg = Debug|Any CPU
		{BA749B1C-10FC-4F74-BD92-005434BA0AD1}.Debug|Any CPU.Build.0 = Debug|Any CPU
		{BA749B1C-10FC-4F74-BD92-005434BA0AD1}.Release|Any CPU.ActiveCfg = Release|Any CPU
		{BA749B1C-10FC-4F74-BD92-005434BA0AD1}.Release|Any CPU.Build.0 = Release|Any CPU
	EndGlobalSection
	GlobalSection(SolutionProperties) = preSolution
		HideSolutionNode = FALSE
	EndGlobalSection
	GlobalSection(ExtensibilityGlobals) = postSolution
		SolutionGuid = {A48A5683-218A-423D-B5E8-DA0C3F8C3BD1}
	EndGlobalSection
EndGlobal
